// !$*UTF8*$!
{
	archiveVersion = 1;
	classes = {
	};
	objectVersion = 50;
	objects = {

/* Begin PBXBuildFile section */
		50CF1860AB0C6279B882A8A2 /* Pods_SampleGithubMVVMBrowserTests.framework in Frameworks */ = {isa = PBXBuildFile; fileRef = 6462BFA1C935376FAD1BA618 /* Pods_SampleGithubMVVMBrowserTests.framework */; };
		6F312D492205D9D500E0DFC2 /* AppDelegate.swift in Sources */ = {isa = PBXBuildFile; fileRef = 6F312D482205D9D500E0DFC2 /* AppDelegate.swift */; };
		6F312D502205D9D600E0DFC2 /* Assets.xcassets in Resources */ = {isa = PBXBuildFile; fileRef = 6F312D4F2205D9D600E0DFC2 /* Assets.xcassets */; };
		6F312D532205D9D600E0DFC2 /* LaunchScreen.storyboard in Resources */ = {isa = PBXBuildFile; fileRef = 6F312D512205D9D600E0DFC2 /* LaunchScreen.storyboard */; };
		6F312D5E2205D9D600E0DFC2 /* SampleGithubMVVMBrowserTests.swift in Sources */ = {isa = PBXBuildFile; fileRef = 6F312D5D2205D9D600E0DFC2 /* SampleGithubMVVMBrowserTests.swift */; };
		6F312D692205D9D600E0DFC2 /* SampleGithubMVVMBrowserUITests.swift in Sources */ = {isa = PBXBuildFile; fileRef = 6F312D682205D9D600E0DFC2 /* SampleGithubMVVMBrowserUITests.swift */; };
		6F312D7A2205DCED00E0DFC2 /* GithubBrowserController.swift in Sources */ = {isa = PBXBuildFile; fileRef = 6F312D792205DCED00E0DFC2 /* GithubBrowserController.swift */; };
		6F312D7C2205DCFE00E0DFC2 /* GithubBrowserViewModel.swift in Sources */ = {isa = PBXBuildFile; fileRef = 6F312D7B2205DCFE00E0DFC2 /* GithubBrowserViewModel.swift */; };
		6F312D7F2205DD1300E0DFC2 /* GithubBrowserRepository.swift in Sources */ = {isa = PBXBuildFile; fileRef = 6F312D7E2205DD1300E0DFC2 /* GithubBrowserRepository.swift */; };
		6F312D822205DDDB00E0DFC2 /* List.swift in Sources */ = {isa = PBXBuildFile; fileRef = 6F312D812205DDDB00E0DFC2 /* List.swift */; };
		6F312D842205DE8300E0DFC2 /* Repository.swift in Sources */ = {isa = PBXBuildFile; fileRef = 6F312D832205DE8300E0DFC2 /* Repository.swift */; };
		6F312D872205E47300E0DFC2 /* Owner.swift in Sources */ = {isa = PBXBuildFile; fileRef = 6F312D862205E47300E0DFC2 /* Owner.swift */; };
		6F312D8A2205EDFE00E0DFC2 /* RepositoryCell.swift in Sources */ = {isa = PBXBuildFile; fileRef = 6F312D892205EDFE00E0DFC2 /* RepositoryCell.swift */; };
		6F312D8C2205FEA600E0DFC2 /* CustomView.swift in Sources */ = {isa = PBXBuildFile; fileRef = 6F312D8B2205FEA600E0DFC2 /* CustomView.swift */; };
		DAD6E773C2A21DAE43047BB7 /* Pods_SampleGithubMVVMBrowser.framework in Frameworks */ = {isa = PBXBuildFile; fileRef = 39C3290FD09393168B7ACF9A /* Pods_SampleGithubMVVMBrowser.framework */; };
		F6DB6E7326DFB96964B67D04 /* Pods_SampleGithubMVVMBrowserUITests.framework in Frameworks */ = {isa = PBXBuildFile; fileRef = 1B4F49BD53DD1A31CE241D50 /* Pods_SampleGithubMVVMBrowserUITests.framework */; };
/* End PBXBuildFile section */

/* Begin PBXContainerItemProxy section */
		6F312D5A2205D9D600E0DFC2 /* PBXContainerItemProxy */ = {
			isa = PBXContainerItemProxy;
			containerPortal = 6F312D3D2205D9D400E0DFC2 /* Project object */;
			proxyType = 1;
			remoteGlobalIDString = 6F312D442205D9D500E0DFC2;
			remoteInfo = SampleGithubMVVMBrowser;
		};
		6F312D652205D9D600E0DFC2 /* PBXContainerItemProxy */ = {
			isa = PBXContainerItemProxy;
			containerPortal = 6F312D3D2205D9D400E0DFC2 /* Project object */;
			proxyType = 1;
			remoteGlobalIDString = 6F312D442205D9D500E0DFC2;
			remoteInfo = SampleGithubMVVMBrowser;
		};
/* End PBXContainerItemProxy section */

/* Begin PBXFileReference section */
		0F17D475FF04DBED8FD69006 /* Pods-SampleGithubMVVMBrowserTests.debug.xcconfig */ = {isa = PBXFileReference; includeInIndex = 1; lastKnownFileType = text.xcconfig; name = "Pods-SampleGithubMVVMBrowserTests.debug.xcconfig"; path = "Pods/Target Support Files/Pods-SampleGithubMVVMBrowserTests/Pods-SampleGithubMVVMBrowserTests.debug.xcconfig"; sourceTree = "<group>"; };
		1B4F49BD53DD1A31CE241D50 /* Pods_SampleGithubMVVMBrowserUITests.framework */ = {isa = PBXFileReference; explicitFileType = wrapper.framework; includeInIndex = 0; path = Pods_SampleGithubMVVMBrowserUITests.framework; sourceTree = BUILT_PRODUCTS_DIR; };
		39C3290FD09393168B7ACF9A /* Pods_SampleGithubMVVMBrowser.framework */ = {isa = PBXFileReference; explicitFileType = wrapper.framework; includeInIndex = 0; path = Pods_SampleGithubMVVMBrowser.framework; sourceTree = BUILT_PRODUCTS_DIR; };
		47EB1A0905193E38BB13217D /* Pods-SampleGithubMVVMBrowserUITests.debug.xcconfig */ = {isa = PBXFileReference; includeInIndex = 1; lastKnownFileType = text.xcconfig; name = "Pods-SampleGithubMVVMBrowserUITests.debug.xcconfig"; path = "Pods/Target Support Files/Pods-SampleGithubMVVMBrowserUITests/Pods-SampleGithubMVVMBrowserUITests.debug.xcconfig"; sourceTree = "<group>"; };
		5C7A8C990F5B979031FE342F /* Pods-SampleGithubMVVMBrowserUITests.release.xcconfig */ = {isa = PBXFileReference; includeInIndex = 1; lastKnownFileType = text.xcconfig; name = "Pods-SampleGithubMVVMBrowserUITests.release.xcconfig"; path = "Pods/Target Support Files/Pods-SampleGithubMVVMBrowserUITests/Pods-SampleGithubMVVMBrowserUITests.release.xcconfig"; sourceTree = "<group>"; };
		6462BFA1C935376FAD1BA618 /* Pods_SampleGithubMVVMBrowserTests.framework */ = {isa = PBXFileReference; explicitFileType = wrapper.framework; includeInIndex = 0; path = Pods_SampleGithubMVVMBrowserTests.framework; sourceTree = BUILT_PRODUCTS_DIR; };
		6F312D452205D9D500E0DFC2 /* SampleGithubMVVMBrowser.app */ = {isa = PBXFileReference; explicitFileType = wrapper.application; includeInIndex = 0; path = SampleGithubMVVMBrowser.app; sourceTree = BUILT_PRODUCTS_DIR; };
		6F312D482205D9D500E0DFC2 /* AppDelegate.swift */ = {isa = PBXFileReference; lastKnownFileType = sourcecode.swift; path = AppDelegate.swift; sourceTree = "<group>"; };
		6F312D4F2205D9D600E0DFC2 /* Assets.xcassets */ = {isa = PBXFileReference; lastKnownFileType = folder.assetcatalog; path = Assets.xcassets; sourceTree = "<group>"; };
		6F312D522205D9D600E0DFC2 /* Base */ = {isa = PBXFileReference; lastKnownFileType = file.storyboard; name = Base; path = Base.lproj/LaunchScreen.storyboard; sourceTree = "<group>"; };
		6F312D542205D9D600E0DFC2 /* Info.plist */ = {isa = PBXFileReference; lastKnownFileType = text.plist.xml; path = Info.plist; sourceTree = "<group>"; };
		6F312D592205D9D600E0DFC2 /* SampleGithubMVVMBrowserTests.xctest */ = {isa = PBXFileReference; explicitFileType = wrapper.cfbundle; includeInIndex = 0; path = SampleGithubMVVMBrowserTests.xctest; sourceTree = BUILT_PRODUCTS_DIR; };
		6F312D5D2205D9D600E0DFC2 /* SampleGithubMVVMBrowserTests.swift */ = {isa = PBXFileReference; lastKnownFileType = sourcecode.swift; path = SampleGithubMVVMBrowserTests.swift; sourceTree = "<group>"; };
		6F312D5F2205D9D600E0DFC2 /* Info.plist */ = {isa = PBXFileReference; lastKnownFileType = text.plist.xml; path = Info.plist; sourceTree = "<group>"; };
		6F312D642205D9D600E0DFC2 /* SampleGithubMVVMBrowserUITests.xctest */ = {isa = PBXFileReference; explicitFileType = wrapper.cfbundle; includeInIndex = 0; path = SampleGithubMVVMBrowserUITests.xctest; sourceTree = BUILT_PRODUCTS_DIR; };
		6F312D682205D9D600E0DFC2 /* SampleGithubMVVMBrowserUITests.swift */ = {isa = PBXFileReference; lastKnownFileType = sourcecode.swift; path = SampleGithubMVVMBrowserUITests.swift; sourceTree = "<group>"; };
		6F312D6A2205D9D600E0DFC2 /* Info.plist */ = {isa = PBXFileReference; lastKnownFileType = text.plist.xml; path = Info.plist; sourceTree = "<group>"; };
		6F312D792205DCED00E0DFC2 /* GithubBrowserController.swift */ = {isa = PBXFileReference; lastKnownFileType = sourcecode.swift; path = GithubBrowserController.swift; sourceTree = "<group>"; };
		6F312D7B2205DCFE00E0DFC2 /* GithubBrowserViewModel.swift */ = {isa = PBXFileReference; lastKnownFileType = sourcecode.swift; path = GithubBrowserViewModel.swift; sourceTree = "<group>"; };
		6F312D7E2205DD1300E0DFC2 /* GithubBrowserRepository.swift */ = {isa = PBXFileReference; lastKnownFileType = sourcecode.swift; path = GithubBrowserRepository.swift; sourceTree = "<group>"; };
		6F312D812205DDDB00E0DFC2 /* List.swift */ = {isa = PBXFileReference; lastKnownFileType = sourcecode.swift; path = List.swift; sourceTree = "<group>"; };
		6F312D832205DE8300E0DFC2 /* Repository.swift */ = {isa = PBXFileReference; lastKnownFileType = sourcecode.swift; path = Repository.swift; sourceTree = "<group>"; };
		6F312D862205E47300E0DFC2 /* Owner.swift */ = {isa = PBXFileReference; lastKnownFileType = sourcecode.swift; path = Owner.swift; sourceTree = "<group>"; };
		6F312D892205EDFE00E0DFC2 /* RepositoryCell.swift */ = {isa = PBXFileReference; lastKnownFileType = sourcecode.swift; path = RepositoryCell.swift; sourceTree = "<group>"; };
		6F312D8B2205FEA600E0DFC2 /* CustomView.swift */ = {isa = PBXFileReference; lastKnownFileType = sourcecode.swift; path = CustomView.swift; sourceTree = "<group>"; };
		890EA6BC6659D0DEF57CEFDB /* Pods-SampleGithubMVVMBrowser.release.xcconfig */ = {isa = PBXFileReference; includeInIndex = 1; lastKnownFileType = text.xcconfig; name = "Pods-SampleGithubMVVMBrowser.release.xcconfig"; path = "Pods/Target Support Files/Pods-SampleGithubMVVMBrowser/Pods-SampleGithubMVVMBrowser.release.xcconfig"; sourceTree = "<group>"; };
		9376659E8293B05CCD592BB3 /* Pods-SampleGithubMVVMBrowserTests.release.xcconfig */ = {isa = PBXFileReference; includeInIndex = 1; lastKnownFileType = text.xcconfig; name = "Pods-SampleGithubMVVMBrowserTests.release.xcconfig"; path = "Pods/Target Support Files/Pods-SampleGithubMVVMBrowserTests/Pods-SampleGithubMVVMBrowserTests.release.xcconfig"; sourceTree = "<group>"; };
		D5BAC1ECAB83B5260964C5B6 /* Pods-SampleGithubMVVMBrowser.debug.xcconfig */ = {isa = PBXFileReference; includeInIndex = 1; lastKnownFileType = text.xcconfig; name = "Pods-SampleGithubMVVMBrowser.debug.xcconfig"; path = "Pods/Target Support Files/Pods-SampleGithubMVVMBrowser/Pods-SampleGithubMVVMBrowser.debug.xcconfig"; sourceTree = "<group>"; };
/* End PBXFileReference section */

/* Begin PBXFrameworksBuildPhase section */
		6F312D422205D9D500E0DFC2 /* Frameworks */ = {
			isa = PBXFrameworksBuildPhase;
			buildActionMask = 2147483647;
			files = (
				DAD6E773C2A21DAE43047BB7 /* Pods_SampleGithubMVVMBrowser.framework in Frameworks */,
			);
			runOnlyForDeploymentPostprocessing = 0;
		};
		6F312D562205D9D600E0DFC2 /* Frameworks */ = {
			isa = PBXFrameworksBuildPhase;
			buildActionMask = 2147483647;
			files = (
				50CF1860AB0C6279B882A8A2 /* Pods_SampleGithubMVVMBrowserTests.framework in Frameworks */,
			);
			runOnlyForDeploymentPostprocessing = 0;
		};
		6F312D612205D9D600E0DFC2 /* Frameworks */ = {
			isa = PBXFrameworksBuildPhase;
			buildActionMask = 2147483647;
			files = (
				F6DB6E7326DFB96964B67D04 /* Pods_SampleGithubMVVMBrowserUITests.framework in Frameworks */,
			);
			runOnlyForDeploymentPostprocessing = 0;
		};
/* End PBXFrameworksBuildPhase section */

/* Begin PBXGroup section */
		6F312D3C2205D9D400E0DFC2 = {
			isa = PBXGroup;
			children = (
				6F312D472205D9D500E0DFC2 /* SampleGithubMVVMBrowser */,
				6F312D5C2205D9D600E0DFC2 /* SampleGithubMVVMBrowserTests */,
				6F312D672205D9D600E0DFC2 /* SampleGithubMVVMBrowserUITests */,
				6F312D462205D9D500E0DFC2 /* Products */,
				8507A431D57A83023D24CB29 /* Pods */,
				B1EC568C01C18551BC8201EB /* Frameworks */,
			);
			sourceTree = "<group>";
		};
		6F312D462205D9D500E0DFC2 /* Products */ = {
			isa = PBXGroup;
			children = (
				6F312D452205D9D500E0DFC2 /* SampleGithubMVVMBrowser.app */,
				6F312D592205D9D600E0DFC2 /* SampleGithubMVVMBrowserTests.xctest */,
				6F312D642205D9D600E0DFC2 /* SampleGithubMVVMBrowserUITests.xctest */,
			);
			name = Products;
			sourceTree = "<group>";
		};
		6F312D472205D9D500E0DFC2 /* SampleGithubMVVMBrowser */ = {
			isa = PBXGroup;
			children = (
				6F312D882205EDE300E0DFC2 /* cells */,
				6F312D782205DCB200E0DFC2 /* views */,
				6F312D772205DCA800E0DFC2 /* viewModels */,
				6F312D762205DCA400E0DFC2 /* repository */,
				6F312D852205E45800E0DFC2 /* models */,
				6F312D802205DDC300E0DFC2 /* utils */,
				6F312D482205D9D500E0DFC2 /* AppDelegate.swift */,
				6F312D4F2205D9D600E0DFC2 /* Assets.xcassets */,
				6F312D512205D9D600E0DFC2 /* LaunchScreen.storyboard */,
				6F312D542205D9D600E0DFC2 /* Info.plist */,
			);
			path = SampleGithubMVVMBrowser;
			sourceTree = "<group>";
		};
		6F312D5C2205D9D600E0DFC2 /* SampleGithubMVVMBrowserTests */ = {
			isa = PBXGroup;
			children = (
				6F312D5D2205D9D600E0DFC2 /* SampleGithubMVVMBrowserTests.swift */,
				6F312D5F2205D9D600E0DFC2 /* Info.plist */,
			);
			path = SampleGithubMVVMBrowserTests;
			sourceTree = "<group>";
		};
		6F312D672205D9D600E0DFC2 /* SampleGithubMVVMBrowserUITests */ = {
			isa = PBXGroup;
			children = (
				6F312D682205D9D600E0DFC2 /* SampleGithubMVVMBrowserUITests.swift */,
				6F312D6A2205D9D600E0DFC2 /* Info.plist */,
			);
			path = SampleGithubMVVMBrowserUITests;
			sourceTree = "<group>";
		};
		6F312D762205DCA400E0DFC2 /* repository */ = {
			isa = PBXGroup;
			children = (
				6F312D7E2205DD1300E0DFC2 /* GithubBrowserRepository.swift */,
			);
			path = repository;
			sourceTree = "<group>";
		};
		6F312D772205DCA800E0DFC2 /* viewModels */ = {
			isa = PBXGroup;
			children = (
				6F312D7B2205DCFE00E0DFC2 /* GithubBrowserViewModel.swift */,
			);
			path = viewModels;
			sourceTree = "<group>";
		};
		6F312D782205DCB200E0DFC2 /* views */ = {
			isa = PBXGroup;
			children = (
				6F312D792205DCED00E0DFC2 /* GithubBrowserController.swift */,
				6F312D8B2205FEA600E0DFC2 /* CustomView.swift */,
			);
			path = views;
			sourceTree = "<group>";
		};
		6F312D802205DDC300E0DFC2 /* utils */ = {
			isa = PBXGroup;
			children = (
				6F312D812205DDDB00E0DFC2 /* List.swift */,
			);
			path = utils;
			sourceTree = "<group>";
		};
		6F312D852205E45800E0DFC2 /* models */ = {
			isa = PBXGroup;
			children = (
				6F312D862205E47300E0DFC2 /* Owner.swift */,
				6F312D832205DE8300E0DFC2 /* Repository.swift */,
			);
			path = models;
			sourceTree = "<group>";
		};
		6F312D882205EDE300E0DFC2 /* cells */ = {
			isa = PBXGroup;
			children = (
				6F312D892205EDFE00E0DFC2 /* RepositoryCell.swift */,
			);
			path = cells;
			sourceTree = "<group>";
		};
		8507A431D57A83023D24CB29 /* Pods */ = {
			isa = PBXGroup;
			children = (
				D5BAC1ECAB83B5260964C5B6 /* Pods-SampleGithubMVVMBrowser.debug.xcconfig */,
				890EA6BC6659D0DEF57CEFDB /* Pods-SampleGithubMVVMBrowser.release.xcconfig */,
				0F17D475FF04DBED8FD69006 /* Pods-SampleGithubMVVMBrowserTests.debug.xcconfig */,
				9376659E8293B05CCD592BB3 /* Pods-SampleGithubMVVMBrowserTests.release.xcconfig */,
				47EB1A0905193E38BB13217D /* Pods-SampleGithubMVVMBrowserUITests.debug.xcconfig */,
				5C7A8C990F5B979031FE342F /* Pods-SampleGithubMVVMBrowserUITests.release.xcconfig */,
			);
			name = Pods;
			sourceTree = "<group>";
		};
		B1EC568C01C18551BC8201EB /* Frameworks */ = {
			isa = PBXGroup;
			children = (
				39C3290FD09393168B7ACF9A /* Pods_SampleGithubMVVMBrowser.framework */,
				6462BFA1C935376FAD1BA618 /* Pods_SampleGithubMVVMBrowserTests.framework */,
				1B4F49BD53DD1A31CE241D50 /* Pods_SampleGithubMVVMBrowserUITests.framework */,
			);
			name = Frameworks;
			sourceTree = "<group>";
		};
/* End PBXGroup section */

/* Begin PBXNativeTarget section */
		6F312D442205D9D500E0DFC2 /* SampleGithubMVVMBrowser */ = {
			isa = PBXNativeTarget;
			buildConfigurationList = 6F312D6D2205D9D600E0DFC2 /* Build configuration list for PBXNativeTarget "SampleGithubMVVMBrowser" */;
			buildPhases = (
				3DE8F104EFC6C400F4362C63 /* [CP] Check Pods Manifest.lock */,
				6F312D412205D9D500E0DFC2 /* Sources */,
				6F312D422205D9D500E0DFC2 /* Frameworks */,
				6F312D432205D9D500E0DFC2 /* Resources */,
				27EE38D1A1695A5BA2834AA3 /* [CP] Embed Pods Frameworks */,
			);
			buildRules = (
			);
			dependencies = (
			);
			name = SampleGithubMVVMBrowser;
			productName = SampleGithubMVVMBrowser;
			productReference = 6F312D452205D9D500E0DFC2 /* SampleGithubMVVMBrowser.app */;
			productType = "com.apple.product-type.application";
		};
		6F312D582205D9D600E0DFC2 /* SampleGithubMVVMBrowserTests */ = {
			isa = PBXNativeTarget;
			buildConfigurationList = 6F312D702205D9D600E0DFC2 /* Build configuration list for PBXNativeTarget "SampleGithubMVVMBrowserTests" */;
			buildPhases = (
				E826B2B3D4A8CA9FB2938282 /* [CP] Check Pods Manifest.lock */,
				6F312D552205D9D600E0DFC2 /* Sources */,
				6F312D562205D9D600E0DFC2 /* Frameworks */,
				6F312D572205D9D600E0DFC2 /* Resources */,
				DCF25DD5D27B4D94507C66B1 /* [CP] Embed Pods Frameworks */,
			);
			buildRules = (
			);
			dependencies = (
				6F312D5B2205D9D600E0DFC2 /* PBXTargetDependency */,
			);
			name = SampleGithubMVVMBrowserTests;
			productName = SampleGithubMVVMBrowserTests;
			productReference = 6F312D592205D9D600E0DFC2 /* SampleGithubMVVMBrowserTests.xctest */;
			productType = "com.apple.product-type.bundle.unit-test";
		};
		6F312D632205D9D600E0DFC2 /* SampleGithubMVVMBrowserUITests */ = {
			isa = PBXNativeTarget;
			buildConfigurationList = 6F312D732205D9D600E0DFC2 /* Build configuration list for PBXNativeTarget "SampleGithubMVVMBrowserUITests" */;
			buildPhases = (
				1504C953E36A53567DCE0B82 /* [CP] Check Pods Manifest.lock */,
				6F312D602205D9D600E0DFC2 /* Sources */,
				6F312D612205D9D600E0DFC2 /* Frameworks */,
				6F312D622205D9D600E0DFC2 /* Resources */,
				5285A37DF318FBA5006AA4E6 /* [CP] Embed Pods Frameworks */,
			);
			buildRules = (
			);
			dependencies = (
				6F312D662205D9D600E0DFC2 /* PBXTargetDependency */,
			);
			name = SampleGithubMVVMBrowserUITests;
			productName = SampleGithubMVVMBrowserUITests;
			productReference = 6F312D642205D9D600E0DFC2 /* SampleGithubMVVMBrowserUITests.xctest */;
			productType = "com.apple.product-type.bundle.ui-testing";
		};
/* End PBXNativeTarget section */

/* Begin PBXProject section */
		6F312D3D2205D9D400E0DFC2 /* Project object */ = {
			isa = PBXProject;
			attributes = {
				LastSwiftUpdateCheck = 1010;
				LastUpgradeCheck = 1010;
				ORGANIZATIONNAME = "Mariusz Sut";
				TargetAttributes = {
					6F312D442205D9D500E0DFC2 = {
						CreatedOnToolsVersion = 10.1;
					};
					6F312D582205D9D600E0DFC2 = {
						CreatedOnToolsVersion = 10.1;
						TestTargetID = 6F312D442205D9D500E0DFC2;
					};
					6F312D632205D9D600E0DFC2 = {
						CreatedOnToolsVersion = 10.1;
						TestTargetID = 6F312D442205D9D500E0DFC2;
					};
				};
			};
			buildConfigurationList = 6F312D402205D9D400E0DFC2 /* Build configuration list for PBXProject "SampleGithubMVVMBrowser" */;
			compatibilityVersion = "Xcode 9.3";
			developmentRegion = en;
			hasScannedForEncodings = 0;
			knownRegions = (
				en,
				Base,
			);
			mainGroup = 6F312D3C2205D9D400E0DFC2;
			productRefGroup = 6F312D462205D9D500E0DFC2 /* Products */;
			projectDirPath = "";
			projectRoot = "";
			targets = (
				6F312D442205D9D500E0DFC2 /* SampleGithubMVVMBrowser */,
				6F312D582205D9D600E0DFC2 /* SampleGithubMVVMBrowserTests */,
				6F312D632205D9D600E0DFC2 /* SampleGithubMVVMBrowserUITests */,
			);
		};
/* End PBXProject section */

/* Begin PBXResourcesBuildPhase section */
		6F312D432205D9D500E0DFC2 /* Resources */ = {
			isa = PBXResourcesBuildPhase;
			buildActionMask = 2147483647;
			files = (
				6F312D532205D9D600E0DFC2 /* LaunchScreen.storyboard in Resources */,
				6F312D502205D9D600E0DFC2 /* Assets.xcassets in Resources */,
			);
			runOnlyForDeploymentPostprocessing = 0;
		};
		6F312D572205D9D600E0DFC2 /* Resources */ = {
			isa = PBXResourcesBuildPhase;
			buildActionMask = 2147483647;
			files = (
			);
			runOnlyForDeploymentPostprocessing = 0;
		};
		6F312D622205D9D600E0DFC2 /* Resources */ = {
			isa = PBXResourcesBuildPhase;
			buildActionMask = 2147483647;
			files = (
			);
			runOnlyForDeploymentPostprocessing = 0;
		};
/* End PBXResourcesBuildPhase section */

/* Begin PBXShellScriptBuildPhase section */
		1504C953E36A53567DCE0B82 /* [CP] Check Pods Manifest.lock */ = {
			isa = PBXShellScriptBuildPhase;
			buildActionMask = 2147483647;
			files = (
			);
			inputFileListPaths = (
			);
			inputPaths = (
				"${PODS_PODFILE_DIR_PATH}/Podfile.lock",
				"${PODS_ROOT}/Manifest.lock",
			);
			name = "[CP] Check Pods Manifest.lock";
			outputFileListPaths = (
			);
			outputPaths = (
				"$(DERIVED_FILE_DIR)/Pods-SampleGithubMVVMBrowserUITests-checkManifestLockResult.txt",
			);
			runOnlyForDeploymentPostprocessing = 0;
			shellPath = /bin/sh;
			shellScript = "diff \"${PODS_PODFILE_DIR_PATH}/Podfile.lock\" \"${PODS_ROOT}/Manifest.lock\" > /dev/null\nif [ $? != 0 ] ; then\n    # print error to STDERR\n    echo \"error: The sandbox is not in sync with the Podfile.lock. Run 'pod install' or update your CocoaPods installation.\" >&2\n    exit 1\nfi\n# This output is used by Xcode 'outputs' to avoid re-running this script phase.\necho \"SUCCESS\" > \"${SCRIPT_OUTPUT_FILE_0}\"\n";
			showEnvVarsInLog = 0;
		};
		27EE38D1A1695A5BA2834AA3 /* [CP] Embed Pods Frameworks */ = {
			isa = PBXShellScriptBuildPhase;
			buildActionMask = 2147483647;
			files = (
			);
			inputFileListPaths = (
			);
			inputPaths = (
				"${SRCROOT}/Pods/Target Support Files/Pods-SampleGithubMVVMBrowser/Pods-SampleGithubMVVMBrowser-frameworks.sh",
				"${BUILT_PRODUCTS_DIR}/Alamofire/Alamofire.framework",
				"${BUILT_PRODUCTS_DIR}/DZNEmptyDataSet/DZNEmptyDataSet.framework",
				"${BUILT_PRODUCTS_DIR}/MBProgressHUD/MBProgressHUD.framework",
				"${BUILT_PRODUCTS_DIR}/RxAtomic/RxAtomic.framework",
				"${BUILT_PRODUCTS_DIR}/RxCocoa/RxCocoa.framework",
				"${BUILT_PRODUCTS_DIR}/RxSwift/RxSwift.framework",
				"${BUILT_PRODUCTS_DIR}/SDWebImage/SDWebImage.framework",
				"${BUILT_PRODUCTS_DIR}/SnapKit/SnapKit.framework",
			);
			name = "[CP] Embed Pods Frameworks";
			outputFileListPaths = (
			);
			outputPaths = (
				"${TARGET_BUILD_DIR}/${FRAMEWORKS_FOLDER_PATH}/Alamofire.framework",
				"${TARGET_BUILD_DIR}/${FRAMEWORKS_FOLDER_PATH}/DZNEmptyDataSet.framework",
				"${TARGET_BUILD_DIR}/${FRAMEWORKS_FOLDER_PATH}/MBProgressHUD.framework",
				"${TARGET_BUILD_DIR}/${FRAMEWORKS_FOLDER_PATH}/RxAtomic.framework",
				"${TARGET_BUILD_DIR}/${FRAMEWORKS_FOLDER_PATH}/RxCocoa.framework",
				"${TARGET_BUILD_DIR}/${FRAMEWORKS_FOLDER_PATH}/RxSwift.framework",
				"${TARGET_BUILD_DIR}/${FRAMEWORKS_FOLDER_PATH}/SDWebImage.framework",
				"${TARGET_BUILD_DIR}/${FRAMEWORKS_FOLDER_PATH}/SnapKit.framework",
			);
			runOnlyForDeploymentPostprocessing = 0;
			shellPath = /bin/sh;
			shellScript = "\"${SRCROOT}/Pods/Target Support Files/Pods-SampleGithubMVVMBrowser/Pods-SampleGithubMVVMBrowser-frameworks.sh\"\n";
			showEnvVarsInLog = 0;
		};
		3DE8F104EFC6C400F4362C63 /* [CP] Check Pods Manifest.lock */ = {
			isa = PBXShellScriptBuildPhase;
			buildActionMask = 2147483647;
			files = (
			);
			inputFileListPaths = (
			);
			inputPaths = (
				"${PODS_PODFILE_DIR_PATH}/Podfile.lock",
				"${PODS_ROOT}/Manifest.lock",
			);
			name = "[CP] Check Pods Manifest.lock";
			outputFileListPaths = (
			);
			outputPaths = (
				"$(DERIVED_FILE_DIR)/Pods-SampleGithubMVVMBrowser-checkManifestLockResult.txt",
			);
			runOnlyForDeploymentPostprocessing = 0;
			shellPath = /bin/sh;
			shellScript = "diff \"${PODS_PODFILE_DIR_PATH}/Podfile.lock\" \"${PODS_ROOT}/Manifest.lock\" > /dev/null\nif [ $? != 0 ] ; then\n    # print error to STDERR\n    echo \"error: The sandbox is not in sync with the Podfile.lock. Run 'pod install' or update your CocoaPods installation.\" >&2\n    exit 1\nfi\n# This output is used by Xcode 'outputs' to avoid re-running this script phase.\necho \"SUCCESS\" > \"${SCRIPT_OUTPUT_FILE_0}\"\n";
			showEnvVarsInLog = 0;
		};
		5285A37DF318FBA5006AA4E6 /* [CP] Embed Pods Frameworks */ = {
			isa = PBXShellScriptBuildPhase;
			buildActionMask = 2147483647;
			files = (
			);
			inputFileListPaths = (
			);
			inputPaths = (
				"${SRCROOT}/Pods/Target Support Files/Pods-SampleGithubMVVMBrowserUITests/Pods-SampleGithubMVVMBrowserUITests-frameworks.sh",
				"${BUILT_PRODUCTS_DIR}/RxAtomic/RxAtomic.framework",
				"${BUILT_PRODUCTS_DIR}/RxSwift/RxSwift.framework",
				"${BUILT_PRODUCTS_DIR}/RxTest/RxTest.framework",
			);
			name = "[CP] Embed Pods Frameworks";
			outputFileListPaths = (
			);
			outputPaths = (
				"${TARGET_BUILD_DIR}/${FRAMEWORKS_FOLDER_PATH}/RxAtomic.framework",
				"${TARGET_BUILD_DIR}/${FRAMEWORKS_FOLDER_PATH}/RxSwift.framework",
				"${TARGET_BUILD_DIR}/${FRAMEWORKS_FOLDER_PATH}/RxTest.framework",
			);
			runOnlyForDeploymentPostprocessing = 0;
			shellPath = /bin/sh;
			shellScript = "\"${SRCROOT}/Pods/Target Support Files/Pods-SampleGithubMVVMBrowserUITests/Pods-SampleGithubMVVMBrowserUITests-frameworks.sh\"\n";
			showEnvVarsInLog = 0;
		};
		DCF25DD5D27B4D94507C66B1 /* [CP] Embed Pods Frameworks */ = {
			isa = PBXShellScriptBuildPhase;
			buildActionMask = 2147483647;
			files = (
			);
			inputFileListPaths = (
			);
			inputPaths = (
				"${SRCROOT}/Pods/Target Support Files/Pods-SampleGithubMVVMBrowserTests/Pods-SampleGithubMVVMBrowserTests-frameworks.sh",
				"${BUILT_PRODUCTS_DIR}/RxAtomic/RxAtomic.framework",
				"${BUILT_PRODUCTS_DIR}/RxSwift/RxSwift.framework",
				"${BUILT_PRODUCTS_DIR}/RxTest/RxTest.framework",
			);
			name = "[CP] Embed Pods Frameworks";
			outputFileListPaths = (
			);
			outputPaths = (
				"${TARGET_BUILD_DIR}/${FRAMEWORKS_FOLDER_PATH}/RxAtomic.framework",
				"${TARGET_BUILD_DIR}/${FRAMEWORKS_FOLDER_PATH}/RxSwift.framework",
				"${TARGET_BUILD_DIR}/${FRAMEWORKS_FOLDER_PATH}/RxTest.framework",
			);
			runOnlyForDeploymentPostprocessing = 0;
			shellPath = /bin/sh;
			shellScript = "\"${SRCROOT}/Pods/Target Support Files/Pods-SampleGithubMVVMBrowserTests/Pods-SampleGithubMVVMBrowserTests-frameworks.sh\"\n";
			showEnvVarsInLog = 0;
		};
		E826B2B3D4A8CA9FB2938282 /* [CP] Check Pods Manifest.lock */ = {
			isa = PBXShellScriptBuildPhase;
			buildActionMask = 2147483647;
			files = (
			);
			inputFileListPaths = (
			);
			inputPaths = (
				"${PODS_PODFILE_DIR_PATH}/Podfile.lock",
				"${PODS_ROOT}/Manifest.lock",
			);
			name = "[CP] Check Pods Manifest.lock";
			outputFileListPaths = (
			);
			outputPaths = (
				"$(DERIVED_FILE_DIR)/Pods-SampleGithubMVVMBrowserTests-checkManifestLockResult.txt",
			);
			runOnlyForDeploymentPostprocessing = 0;
			shellPath = /bin/sh;
			shellScript = "diff \"${PODS_PODFILE_DIR_PATH}/Podfile.lock\" \"${PODS_ROOT}/Manifest.lock\" > /dev/null\nif [ $? != 0 ] ; then\n    # print error to STDERR\n    echo \"error: The sandbox is not in sync with the Podfile.lock. Run 'pod install' or update your CocoaPods installation.\" >&2\n    exit 1\nfi\n# This output is used by Xcode 'outputs' to avoid re-running this script phase.\necho \"SUCCESS\" > \"${SCRIPT_OUTPUT_FILE_0}\"\n";
			showEnvVarsInLog = 0;
		};
/* End PBXShellScriptBuildPhase section */

/* Begin PBXSourcesBuildPhase section */
		6F312D412205D9D500E0DFC2 /* Sources */ = {
			isa = PBXSourcesBuildPhase;
			buildActionMask = 2147483647;
			files = (
				6F312D7F2205DD1300E0DFC2 /* GithubBrowserRepository.swift in Sources */,
				6F312D8C2205FEA600E0DFC2 /* CustomView.swift in Sources */,
				6F312D492205D9D500E0DFC2 /* AppDelegate.swift in Sources */,
				6F312D872205E47300E0DFC2 /* Owner.swift in Sources */,
				6F312D822205DDDB00E0DFC2 /* List.swift in Sources */,
				6F312D7C2205DCFE00E0DFC2 /* GithubBrowserViewModel.swift in Sources */,
				6F312D7A2205DCED00E0DFC2 /* GithubBrowserController.swift in Sources */,
				6F312D842205DE8300E0DFC2 /* Repository.swift in Sources */,
				6F312D8A2205EDFE00E0DFC2 /* RepositoryCell.swift in Sources */,
			);
			runOnlyForDeploymentPostprocessing = 0;
		};
		6F312D552205D9D600E0DFC2 /* Sources */ = {
			isa = PBXSourcesBuildPhase;
			buildActionMask = 2147483647;
			files = (
				6F312D5E2205D9D600E0DFC2 /* SampleGithubMVVMBrowserTests.swift in Sources */,
			);
			runOnlyForDeploymentPostprocessing = 0;
		};
		6F312D602205D9D600E0DFC2 /* Sources */ = {
			isa = PBXSourcesBuildPhase;
			buildActionMask = 2147483647;
			files = (
				6F312D692205D9D600E0DFC2 /* SampleGithubMVVMBrowserUITests.swift in Sources */,
			);
			runOnlyForDeploymentPostprocessing = 0;
		};
/* End PBXSourcesBuildPhase section */

/* Begin PBXTargetDependency section */
		6F312D5B2205D9D600E0DFC2 /* PBXTargetDependency */ = {
			isa = PBXTargetDependency;
			target = 6F312D442205D9D500E0DFC2 /* SampleGithubMVVMBrowser */;
			targetProxy = 6F312D5A2205D9D600E0DFC2 /* PBXContainerItemProxy */;
		};
		6F312D662205D9D600E0DFC2 /* PBXTargetDependency */ = {
			isa = PBXTargetDependency;
			target = 6F312D442205D9D500E0DFC2 /* SampleGithubMVVMBrowser */;
			targetProxy = 6F312D652205D9D600E0DFC2 /* PBXContainerItemProxy */;
		};
/* End PBXTargetDependency section */

/* Begin PBXVariantGroup section */
		6F312D512205D9D600E0DFC2 /* LaunchScreen.storyboard */ = {
			isa = PBXVariantGroup;
			children = (
				6F312D522205D9D600E0DFC2 /* Base */,
			);
			name = LaunchScreen.storyboard;
			sourceTree = "<group>";
		};
/* End PBXVariantGroup section */

/* Begin XCBuildConfiguration section */
		6F312D6B2205D9D600E0DFC2 /* Debug */ = {
			isa = XCBuildConfiguration;
			buildSettings = {
				ALWAYS_SEARCH_USER_PATHS = NO;
				CLANG_ANALYZER_NONNULL = YES;
				CLANG_ANALYZER_NUMBER_OBJECT_CONVERSION = YES_AGGRESSIVE;
				CLANG_CXX_LANGUAGE_STANDARD = "gnu++14";
				CLANG_CXX_LIBRARY = "libc++";
				CLANG_ENABLE_MODULES = YES;
				CLANG_ENABLE_OBJC_ARC = YES;
				CLANG_ENABLE_OBJC_WEAK = YES;
				CLANG_WARN_BLOCK_CAPTURE_AUTORELEASING = YES;
				CLANG_WARN_BOOL_CONVERSION = YES;
				CLANG_WARN_COMMA = YES;
				CLANG_WARN_CONSTANT_CONVERSION = YES;
				CLANG_WARN_DEPRECATED_OBJC_IMPLEMENTATIONS = YES;
				CLANG_WARN_DIRECT_OBJC_ISA_USAGE = YES_ERROR;
				CLANG_WARN_DOCUMENTATION_COMMENTS = YES;
				CLANG_WARN_EMPTY_BODY = YES;
				CLANG_WARN_ENUM_CONVERSION = YES;
				CLANG_WARN_INFINITE_RECURSION = YES;
				CLANG_WARN_INT_CONVERSION = YES;
				CLANG_WARN_NON_LITERAL_NULL_CONVERSION = YES;
				CLANG_WARN_OBJC_IMPLICIT_RETAIN_SELF = YES;
				CLANG_WARN_OBJC_LITERAL_CONVERSION = YES;
				CLANG_WARN_OBJC_ROOT_CLASS = YES_ERROR;
				CLANG_WARN_RANGE_LOOP_ANALYSIS = YES;
				CLANG_WARN_STRICT_PROTOTYPES = YES;
				CLANG_WARN_SUSPICIOUS_MOVE = YES;
				CLANG_WARN_UNGUARDED_AVAILABILITY = YES_AGGRESSIVE;
				CLANG_WARN_UNREACHABLE_CODE = YES;
				CLANG_WARN__DUPLICATE_METHOD_MATCH = YES;
				CODE_SIGN_IDENTITY = "iPhone Developer";
				COPY_PHASE_STRIP = NO;
				DEBUG_INFORMATION_FORMAT = dwarf;
				ENABLE_STRICT_OBJC_MSGSEND = YES;
				ENABLE_TESTABILITY = YES;
				GCC_C_LANGUAGE_STANDARD = gnu11;
				GCC_DYNAMIC_NO_PIC = NO;
				GCC_NO_COMMON_BLOCKS = YES;
				GCC_OPTIMIZATION_LEVEL = 0;
				GCC_PREPROCESSOR_DEFINITIONS = (
					"DEBUG=1",
					"$(inherited)",
				);
				GCC_WARN_64_TO_32_BIT_CONVERSION = YES;
				GCC_WARN_ABOUT_RETURN_TYPE = YES_ERROR;
				GCC_WARN_UNDECLARED_SELECTOR = YES;
				GCC_WARN_UNINITIALIZED_AUTOS = YES_AGGRESSIVE;
				GCC_WARN_UNUSED_FUNCTION = YES;
				GCC_WARN_UNUSED_VARIABLE = YES;
				IPHONEOS_DEPLOYMENT_TARGET = 12.1;
				MTL_ENABLE_DEBUG_INFO = INCLUDE_SOURCE;
				MTL_FAST_MATH = YES;
				ONLY_ACTIVE_ARCH = YES;
				SDKROOT = iphoneos;
				SWIFT_ACTIVE_COMPILATION_CONDITIONS = DEBUG;
				SWIFT_OPTIMIZATION_LEVEL = "-Onone";
			};
			name = Debug;
		};
		6F312D6C2205D9D600E0DFC2 /* Release */ = {
			isa = XCBuildConfiguration;
			buildSettings = {
				ALWAYS_SEARCH_USER_PATHS = NO;
				CLANG_ANALYZER_NONNULL = YES;
				CLANG_ANALYZER_NUMBER_OBJECT_CONVERSION = YES_AGGRESSIVE;
				CLANG_CXX_LANGUAGE_STANDARD = "gnu++14";
				CLANG_CXX_LIBRARY = "libc++";
				CLANG_ENABLE_MODULES = YES;
				CLANG_ENABLE_OBJC_ARC = YES;
				CLANG_ENABLE_OBJC_WEAK = YES;
				CLANG_WARN_BLOCK_CAPTURE_AUTORELEASING = YES;
				CLANG_WARN_BOOL_CONVERSION = YES;
				CLANG_WARN_COMMA = YES;
				CLANG_WARN_CONSTANT_CONVERSION = YES;
				CLANG_WARN_DEPRECATED_OBJC_IMPLEMENTATIONS = YES;
				CLANG_WARN_DIRECT_OBJC_ISA_USAGE = YES_ERROR;
				CLANG_WARN_DOCUMENTATION_COMMENTS = YES;
				CLANG_WARN_EMPTY_BODY = YES;
				CLANG_WARN_ENUM_CONVERSION = YES;
				CLANG_WARN_INFINITE_RECURSION = YES;
				CLANG_WARN_INT_CONVERSION = YES;
				CLANG_WARN_NON_LITERAL_NULL_CONVERSION = YES;
				CLANG_WARN_OBJC_IMPLICIT_RETAIN_SELF = YES;
				CLANG_WARN_OBJC_LITERAL_CONVERSION = YES;
				CLANG_WARN_OBJC_ROOT_CLASS = YES_ERROR;
				CLANG_WARN_RANGE_LOOP_ANALYSIS = YES;
				CLANG_WARN_STRICT_PROTOTYPES = YES;
				CLANG_WARN_SUSPICIOUS_MOVE = YES;
				CLANG_WARN_UNGUARDED_AVAILABILITY = YES_AGGRESSIVE;
				CLANG_WARN_UNREACHABLE_CODE = YES;
				CLANG_WARN__DUPLICATE_METHOD_MATCH = YES;
				CODE_SIGN_IDENTITY = "iPhone Developer";
				COPY_PHASE_STRIP = NO;
				DEBUG_INFORMATION_FORMAT = "dwarf-with-dsym";
				ENABLE_NS_ASSERTIONS = NO;
				ENABLE_STRICT_OBJC_MSGSEND = YES;
				GCC_C_LANGUAGE_STANDARD = gnu11;
				GCC_NO_COMMON_BLOCKS = YES;
				GCC_WARN_64_TO_32_BIT_CONVERSION = YES;
				GCC_WARN_ABOUT_RETURN_TYPE = YES_ERROR;
				GCC_WARN_UNDECLARED_SELECTOR = YES;
				GCC_WARN_UNINITIALIZED_AUTOS = YES_AGGRESSIVE;
				GCC_WARN_UNUSED_FUNCTION = YES;
				GCC_WARN_UNUSED_VARIABLE = YES;
				IPHONEOS_DEPLOYMENT_TARGET = 12.1;
				MTL_ENABLE_DEBUG_INFO = NO;
				MTL_FAST_MATH = YES;
				SDKROOT = iphoneos;
				SWIFT_COMPILATION_MODE = wholemodule;
				SWIFT_OPTIMIZATION_LEVEL = "-O";
				VALIDATE_PRODUCT = YES;
			};
			name = Release;
		};
		6F312D6E2205D9D600E0DFC2 /* Debug */ = {
			isa = XCBuildConfiguration;
			baseConfigurationReference = D5BAC1ECAB83B5260964C5B6 /* Pods-SampleGithubMVVMBrowser.debug.xcconfig */;
			buildSettings = {
				ASSETCATALOG_COMPILER_APPICON_NAME = AppIcon;
				CODE_SIGN_STYLE = Automatic;
				DEVELOPMENT_TEAM = F8MY77QSLQ;
				INFOPLIST_FILE = SampleGithubMVVMBrowser/Info.plist;
				LD_RUNPATH_SEARCH_PATHS = (
					"$(inherited)",
					"@executable_path/Frameworks",
				);
				PRODUCT_BUNDLE_IDENTIFIER = com.msut.SampleGithubMVVMBrowser;
				PRODUCT_NAME = "$(TARGET_NAME)";
				SWIFT_VERSION = 4.2;
				TARGETED_DEVICE_FAMILY = "1,2";
			};
			name = Debug;
		};
		6F312D6F2205D9D600E0DFC2 /* Release */ = {
			isa = XCBuildConfiguration;
			baseConfigurationReference = 890EA6BC6659D0DEF57CEFDB /* Pods-SampleGithubMVVMBrowser.release.xcconfig */;
			buildSettings = {
				ASSETCATALOG_COMPILER_APPICON_NAME = AppIcon;
				CODE_SIGN_STYLE = Automatic;
				DEVELOPMENT_TEAM = F8MY77QSLQ;
				INFOPLIST_FILE = SampleGithubMVVMBrowser/Info.plist;
				LD_RUNPATH_SEARCH_PATHS = (
					"$(inherited)",
					"@executable_path/Frameworks",
				);
				PRODUCT_BUNDLE_IDENTIFIER = com.msut.SampleGithubMVVMBrowser;
				PRODUCT_NAME = "$(TARGET_NAME)";
				SWIFT_VERSION = 4.2;
				TARGETED_DEVICE_FAMILY = "1,2";
			};
			name = Release;
		};
		6F312D712205D9D600E0DFC2 /* Debug */ = {
			isa = XCBuildConfiguration;
			baseConfigurationReference = 0F17D475FF04DBED8FD69006 /* Pods-SampleGithubMVVMBrowserTests.debug.xcconfig */;
			buildSettings = {
				ALWAYS_EMBED_SWIFT_STANDARD_LIBRARIES = YES;
				BUNDLE_LOADER = "$(TEST_HOST)";
				CODE_SIGN_STYLE = Automatic;
				DEVELOPMENT_TEAM = F8MY77QSLQ;
				INFOPLIST_FILE = SampleGithubMVVMBrowserTests/Info.plist;
				LD_RUNPATH_SEARCH_PATHS = (
					"$(inherited)",
					"@executable_path/Frameworks",
					"@loader_path/Frameworks",
				);
				PRODUCT_BUNDLE_IDENTIFIER = com.msut.SampleGithubMVVMBrowserTests;
				PRODUCT_NAME = "$(TARGET_NAME)";
				SWIFT_VERSION = 4.2;
				TARGETED_DEVICE_FAMILY = "1,2";
				TEST_HOST = "$(BUILT_PRODUCTS_DIR)/SampleGithubMVVMBrowser.app/SampleGithubMVVMBrowser";
			};
			name = Debug;
		};
		6F312D722205D9D600E0DFC2 /* Release */ = {
			isa = XCBuildConfiguration;
			baseConfigurationReference = 9376659E8293B05CCD592BB3 /* Pods-SampleGithubMVVMBrowserTests.release.xcconfig */;
			buildSettings = {
				ALWAYS_EMBED_SWIFT_STANDARD_LIBRARIES = YES;
				BUNDLE_LOADER = "$(TEST_HOST)";
				CODE_SIGN_STYLE = Automatic;
				DEVELOPMENT_TEAM = F8MY77QSLQ;
				INFOPLIST_FILE = SampleGithubMVVMBrowserTests/Info.plist;
				LD_RUNPATH_SEARCH_PATHS = (
					"$(inherited)",
					"@executable_path/Frameworks",
					"@loader_path/Frameworks",
				);
				PRODUCT_BUNDLE_IDENTIFIER = com.msut.SampleGithubMVVMBrowserTests;
				PRODUCT_NAME = "$(TARGET_NAME)";
				SWIFT_VERSION = 4.2;
				TARGETED_DEVICE_FAMILY = "1,2";
				TEST_HOST = "$(BUILT_PRODUCTS_DIR)/SampleGithubMVVMBrowser.app/SampleGithubMVVMBrowser";
			};
			name = Release;
		};
		6F312D742205D9D600E0DFC2 /* Debug */ = {
			isa = XCBuildConfiguration;
			baseConfigurationReference = 47EB1A0905193E38BB13217D /* Pods-SampleGithubMVVMBrowserUITests.debug.xcconfig */;
			buildSettings = {
				ALWAYS_EMBED_SWIFT_STANDARD_LIBRARIES = YES;
				CODE_SIGN_STYLE = Automatic;
				DEVELOPMENT_TEAM = F8MY77QSLQ;
				INFOPLIST_FILE = SampleGithubMVVMBrowserUITests/Info.plist;
				LD_RUNPATH_SEARCH_PATHS = (
					"$(inherited)",
					"@executable_path/Frameworks",
					"@loader_path/Frameworks",
				);
				PRODUCT_BUNDLE_IDENTIFIER = com.msut.SampleGithubMVVMBrowserUITests;
				PRODUCT_NAME = "$(TARGET_NAME)";
				SWIFT_VERSION = 4.2;
				TARGETED_DEVICE_FAMILY = "1,2";
				TEST_TARGET_NAME = SampleGithubMVVMBrowser;
			};
			name = Debug;
		};
		6F312D752205D9D600E0DFC2 /* Release */ = {
			isa = XCBuildConfiguration;
			baseConfigurationReference = 5C7A8C990F5B979031FE342F /* Pods-SampleGithubMVVMBrowserUITests.release.xcconfig */;
			buildSettings = {
				ALWAYS_EMBED_SWIFT_STANDARD_LIBRARIES = YES;
				CODE_SIGN_STYLE = Automatic;
				DEVELOPMENT_TEAM = F8MY77QSLQ;
				INFOPLIST_FILE = SampleGithubMVVMBrowserUITests/Info.plist;
				LD_RUNPATH_SEARCH_PATHS = (
					"$(inherited)",
					"@executable_path/Frameworks",
					"@loader_path/Frameworks",
				);
				PRODUCT_BUNDLE_IDENTIFIER = com.msut.SampleGithubMVVMBrowserUITests;
				PRODUCT_NAME = "$(TARGET_NAME)";
				SWIFT_VERSION = 4.2;
				TARGETED_DEVICE_FAMILY = "1,2";
				TEST_TARGET_NAME = SampleGithubMVVMBrowser;
			};
			name = Release;
		};
/* End XCBuildConfiguration section */

/* Begin XCConfigurationList section */
		6F312D402205D9D400E0DFC2 /* Build configuration list for PBXProject "SampleGithubMVVMBrowser" */ = {
			isa = XCConfigurationList;
			buildConfigurations = (
				6F312D6B2205D9D600E0DFC2 /* Debug */,
				6F312D6C2205D9D600E0DFC2 /* Release */,
			);
			defaultConfigurationIsVisible = 0;
			defaultConfigurationName = Release;
		};
		6F312D6D2205D9D600E0DFC2 /* Build configuration list for PBXNativeTarget "SampleGithubMVVMBrowser" */ = {
			isa = XCConfigurationList;
			buildConfigurations = (
				6F312D6E2205D9D600E0DFC2 /* Debug */,
				6F312D6F2205D9D600E0DFC2 /* Release */,
			);
			defaultConfigurationIsVisible = 0;
			defaultConfigurationName = Release;
		};
		6F312D702205D9D600E0DFC2 /* Build configuration list for PBXNativeTarget "SampleGithubMVVMBrowserTests" */ = {
			isa = XCConfigurationList;
			buildConfigurations = (
				6F312D712205D9D600E0DFC2 /* Debug */,
				6F312D722205D9D600E0DFC2 /* Release */,
			);
			defaultConfigurationIsVisible = 0;
			defaultConfigurationName = Release;
		};
		6F312D732205D9D600E0DFC2 /* Build configuration list for PBXNativeTarget "SampleGithubMVVMBrowserUITests" */ = {
			isa = XCConfigurationList;
			buildConfigurations = (
				6F312D742205D9D600E0DFC2 /* Debug */,
				6F312D752205D9D600E0DFC2 /* Release */,
			);
			defaultConfigurationIsVisible = 0;
			defaultConfigurationName = Release;
		};
/* End XCConfigurationList section */
	};
	rootObject = 6F312D3D2205D9D400E0DFC2 /* Project object */;
}
